// !$*UTF8*$!
{
	archiveVersion = 1;
	classes = {
	};
	objectVersion = 55;
	objects = {

/* Begin PBXBuildFile section */
		8B1D6A8F272DD0D300DD1D0C /* WhatIsYourEmailViewController.swift in Sources */ = {isa = PBXBuildFile; fileRef = 8B1D6A8E272DD0D300DD1D0C /* WhatIsYourEmailViewController.swift */; };
		8B1D6A95272DD38500DD1D0C /* UILabel+Ext.swift in Sources */ = {isa = PBXBuildFile; fileRef = 8B1D6A94272DD38500DD1D0C /* UILabel+Ext.swift */; };
		8B1D6A97272DF3EA00DD1D0C /* CreatePasswordViewController.swift in Sources */ = {isa = PBXBuildFile; fileRef = 8B1D6A96272DF3EA00DD1D0C /* CreatePasswordViewController.swift */; };
		8B2BB1B92729D78200FC7A17 /* AppDelegate.swift in Sources */ = {isa = PBXBuildFile; fileRef = 8B2BB1B82729D78200FC7A17 /* AppDelegate.swift */; };
		8B2BB1C22729D78200FC7A17 /* Assets.xcassets in Resources */ = {isa = PBXBuildFile; fileRef = 8B2BB1C12729D78200FC7A17 /* Assets.xcassets */; };
		8B2BB1C52729D78200FC7A17 /* LaunchScreen.storyboard in Resources */ = {isa = PBXBuildFile; fileRef = 8B2BB1C32729D78200FC7A17 /* LaunchScreen.storyboard */; };
		8B2BB1CD2729D83C00FC7A17 /* WelcomeViewController.swift in Sources */ = {isa = PBXBuildFile; fileRef = 8B2BB1CC2729D83C00FC7A17 /* WelcomeViewController.swift */; };
		8B2BB1D22729D9C500FC7A17 /* UIView+Ext.swift in Sources */ = {isa = PBXBuildFile; fileRef = 8B2BB1D12729D9C500FC7A17 /* UIView+Ext.swift */; };
		8B2BB1D52729DB1100FC7A17 /* Constants.swift in Sources */ = {isa = PBXBuildFile; fileRef = 8B2BB1D42729DB1100FC7A17 /* Constants.swift */; };
		8B2BB1D72729DC9800FC7A17 /* UIColor+Ext.swift in Sources */ = {isa = PBXBuildFile; fileRef = 8B2BB1D62729DC9800FC7A17 /* UIColor+Ext.swift */; };
		8B767DCA272AC96F00A9CB24 /* WhatIsYourNameViewController.swift in Sources */ = {isa = PBXBuildFile; fileRef = 8B767DC9272AC96F00A9CB24 /* WhatIsYourNameViewController.swift */; };
		8B767DCC272ACB6C00A9CB24 /* UIViewController+Ext.swift in Sources */ = {isa = PBXBuildFile; fileRef = 8B767DCB272ACB6C00A9CB24 /* UIViewController+Ext.swift */; };
		8B767DCF272AD8D800A9CB24 /* TTTextField.swift in Sources */ = {isa = PBXBuildFile; fileRef = 8B767DCE272AD8D800A9CB24 /* TTTextField.swift */; };
		8B9CE7ED272B4069006FAF1F /* UITextField+Ext.swift in Sources */ = {isa = PBXBuildFile; fileRef = 8B9CE7EC272B4069006FAF1F /* UITextField+Ext.swift */; };
		8BA1D83F2729F5E100609FEE /* SF-Pro-Display-Regular.otf in Resources */ = {isa = PBXBuildFile; fileRef = 8BA1D83E2729F5E100609FEE /* SF-Pro-Display-Regular.otf */; };
		8BA1D8412729F63100609FEE /* SF-Pro-Display-Light.otf in Resources */ = {isa = PBXBuildFile; fileRef = 8BA1D8402729F63100609FEE /* SF-Pro-Display-Light.otf */; };
/* End PBXBuildFile section */

/* Begin PBXFileReference section */
		8B1D6A8E272DD0D300DD1D0C /* WhatIsYourEmailViewController.swift */ = {isa = PBXFileReference; lastKnownFileType = sourcecode.swift; path = WhatIsYourEmailViewController.swift; sourceTree = "<group>"; };
		8B1D6A94272DD38500DD1D0C /* UILabel+Ext.swift */ = {isa = PBXFileReference; lastKnownFileType = sourcecode.swift; path = "UILabel+Ext.swift"; sourceTree = "<group>"; };
		8B1D6A96272DF3EA00DD1D0C /* CreatePasswordViewController.swift */ = {isa = PBXFileReference; lastKnownFileType = sourcecode.swift; path = CreatePasswordViewController.swift; sourceTree = "<group>"; };
		8B2BB1B52729D78200FC7A17 /* TestTask65AppsEducation.app */ = {isa = PBXFileReference; explicitFileType = wrapper.application; includeInIndex = 0; path = TestTask65AppsEducation.app; sourceTree = BUILT_PRODUCTS_DIR; };
		8B2BB1B82729D78200FC7A17 /* AppDelegate.swift */ = {isa = PBXFileReference; lastKnownFileType = sourcecode.swift; path = AppDelegate.swift; sourceTree = "<group>"; };
		8B2BB1C12729D78200FC7A17 /* Assets.xcassets */ = {isa = PBXFileReference; lastKnownFileType = folder.assetcatalog; path = Assets.xcassets; sourceTree = "<group>"; };
		8B2BB1C42729D78200FC7A17 /* Base */ = {isa = PBXFileReference; lastKnownFileType = file.storyboard; name = Base; path = Base.lproj/LaunchScreen.storyboard; sourceTree = "<group>"; };
		8B2BB1C62729D78200FC7A17 /* Info.plist */ = {isa = PBXFileReference; lastKnownFileType = text.plist.xml; path = Info.plist; sourceTree = "<group>"; };
		8B2BB1CC2729D83C00FC7A17 /* WelcomeViewController.swift */ = {isa = PBXFileReference; lastKnownFileType = sourcecode.swift; path = WelcomeViewController.swift; sourceTree = "<group>"; };
		8B2BB1D12729D9C500FC7A17 /* UIView+Ext.swift */ = {isa = PBXFileReference; fileEncoding = 4; lastKnownFileType = sourcecode.swift; path = "UIView+Ext.swift"; sourceTree = "<group>"; };
		8B2BB1D42729DB1100FC7A17 /* Constants.swift */ = {isa = PBXFileReference; lastKnownFileType = sourcecode.swift; path = Constants.swift; sourceTree = "<group>"; };
		8B2BB1D62729DC9800FC7A17 /* UIColor+Ext.swift */ = {isa = PBXFileReference; fileEncoding = 4; lastKnownFileType = sourcecode.swift; path = "UIColor+Ext.swift"; sourceTree = "<group>"; };
		8B767DC9272AC96F00A9CB24 /* WhatIsYourNameViewController.swift */ = {isa = PBXFileReference; lastKnownFileType = sourcecode.swift; path = WhatIsYourNameViewController.swift; sourceTree = "<group>"; };
		8B767DCB272ACB6C00A9CB24 /* UIViewController+Ext.swift */ = {isa = PBXFileReference; lastKnownFileType = sourcecode.swift; path = "UIViewController+Ext.swift"; sourceTree = "<group>"; };
		8B767DCE272AD8D800A9CB24 /* TTTextField.swift */ = {isa = PBXFileReference; lastKnownFileType = sourcecode.swift; path = TTTextField.swift; sourceTree = "<group>"; };
		8B9CE7EC272B4069006FAF1F /* UITextField+Ext.swift */ = {isa = PBXFileReference; lastKnownFileType = sourcecode.swift; path = "UITextField+Ext.swift"; sourceTree = "<group>"; };
		8BA1D83E2729F5E100609FEE /* SF-Pro-Display-Regular.otf */ = {isa = PBXFileReference; lastKnownFileType = file; path = "SF-Pro-Display-Regular.otf"; sourceTree = "<group>"; };
		8BA1D8402729F63100609FEE /* SF-Pro-Display-Light.otf */ = {isa = PBXFileReference; lastKnownFileType = file; path = "SF-Pro-Display-Light.otf"; sourceTree = "<group>"; };
/* End PBXFileReference section */

/* Begin PBXFrameworksBuildPhase section */
		8B2BB1B22729D78200FC7A17 /* Frameworks */ = {
			isa = PBXFrameworksBuildPhase;
			buildActionMask = 2147483647;
			files = (
			);
			runOnlyForDeploymentPostprocessing = 0;
		};
/* End PBXFrameworksBuildPhase section */

/* Begin PBXGroup section */
		8B1D6A90272DD16800DD1D0C /* TextFields */ = {
			isa = PBXGroup;
			children = (
				8B767DCE272AD8D800A9CB24 /* TTTextField.swift */,
			);
			path = TextFields;
			sourceTree = "<group>";
		};
		8B1D6A91272DD19B00DD1D0C /* Labels */ = {
			isa = PBXGroup;
			children = (
			);
			path = Labels;
			sourceTree = "<group>";
		};
		8B2BB1AC2729D78100FC7A17 = {
			isa = PBXGroup;
			children = (
				8B2BB1B72729D78200FC7A17 /* TestTask65AppsEducation */,
				8B2BB1B62729D78200FC7A17 /* Products */,
			);
			sourceTree = "<group>";
		};
		8B2BB1B62729D78200FC7A17 /* Products */ = {
			isa = PBXGroup;
			children = (
				8B2BB1B52729D78200FC7A17 /* TestTask65AppsEducation.app */,
			);
			name = Products;
			sourceTree = "<group>";
		};
		8B2BB1B72729D78200FC7A17 /* TestTask65AppsEducation */ = {
			isa = PBXGroup;
			children = (
				8B767DCD272AD8AA00A9CB24 /* Custom Views */,
				8B2BB1D32729DB0000FC7A17 /* Utilities */,
				8B2BB1D02729D97F00FC7A17 /* Extensions */,
				8B2BB1CF2729D8DD00FC7A17 /* Screens */,
				8B2BB1CE2729D86500FC7A17 /* Supporting Files */,
			);
			path = TestTask65AppsEducation;
			sourceTree = "<group>";
		};
		8B2BB1CE2729D86500FC7A17 /* Supporting Files */ = {
			isa = PBXGroup;
			children = (
				8BA1D83D2729F5B600609FEE /* Fonts */,
				8B2BB1C12729D78200FC7A17 /* Assets.xcassets */,
				8B2BB1B82729D78200FC7A17 /* AppDelegate.swift */,
				8B2BB1C62729D78200FC7A17 /* Info.plist */,
				8B2BB1C32729D78200FC7A17 /* LaunchScreen.storyboard */,
			);
			path = "Supporting Files";
			sourceTree = "<group>";
		};
		8B2BB1CF2729D8DD00FC7A17 /* Screens */ = {
			isa = PBXGroup;
			children = (
				8B2BB1CC2729D83C00FC7A17 /* WelcomeViewController.swift */,
				8B767DC9272AC96F00A9CB24 /* WhatIsYourNameViewController.swift */,
				8B1D6A8E272DD0D300DD1D0C /* WhatIsYourEmailViewController.swift */,
				8B1D6A96272DF3EA00DD1D0C /* CreatePasswordViewController.swift */,
			);
			path = Screens;
			sourceTree = "<group>";
		};
		8B2BB1D02729D97F00FC7A17 /* Extensions */ = {
			isa = PBXGroup;
			children = (
				8B2BB1D62729DC9800FC7A17 /* UIColor+Ext.swift */,
				8B2BB1D12729D9C500FC7A17 /* UIView+Ext.swift */,
				8B767DCB272ACB6C00A9CB24 /* UIViewController+Ext.swift */,
				8B9CE7EC272B4069006FAF1F /* UITextField+Ext.swift */,
				8B1D6A94272DD38500DD1D0C /* UILabel+Ext.swift */,
			);
			path = Extensions;
			sourceTree = "<group>";
		};
		8B2BB1D32729DB0000FC7A17 /* Utilities */ = {
			isa = PBXGroup;
			children = (
				8B2BB1D42729DB1100FC7A17 /* Constants.swift */,
			);
			path = Utilities;
			sourceTree = "<group>";
		};
		8B767DCD272AD8AA00A9CB24 /* Custom Views */ = {
			isa = PBXGroup;
			children = (
				8B1D6A91272DD19B00DD1D0C /* Labels */,
				8B1D6A90272DD16800DD1D0C /* TextFields */,
			);
			path = "Custom Views";
			sourceTree = "<group>";
		};
		8BA1D83D2729F5B600609FEE /* Fonts */ = {
			isa = PBXGroup;
			children = (
				8BA1D83E2729F5E100609FEE /* SF-Pro-Display-Regular.otf */,
				8BA1D8402729F63100609FEE /* SF-Pro-Display-Light.otf */,
			);
			path = Fonts;
			sourceTree = "<group>";
		};
/* End PBXGroup section */

/* Begin PBXNativeTarget section */
		8B2BB1B42729D78200FC7A17 /* TestTask65AppsEducation */ = {
			isa = PBXNativeTarget;
			buildConfigurationList = 8B2BB1C92729D78200FC7A17 /* Build configuration list for PBXNativeTarget "TestTask65AppsEducation" */;
			buildPhases = (
				8B2BB1B12729D78200FC7A17 /* Sources */,
				8B2BB1B22729D78200FC7A17 /* Frameworks */,
				8B2BB1B32729D78200FC7A17 /* Resources */,
				8B3AE062272AC32100F9AF5D /* ShellScript */,
			);
			buildRules = (
			);
			dependencies = (
			);
			name = TestTask65AppsEducation;
			productName = TestTask65AppsEducation;
			productReference = 8B2BB1B52729D78200FC7A17 /* TestTask65AppsEducation.app */;
			productType = "com.apple.product-type.application";
		};
/* End PBXNativeTarget section */

/* Begin PBXProject section */
		8B2BB1AD2729D78100FC7A17 /* Project object */ = {
			isa = PBXProject;
			attributes = {
				BuildIndependentTargetsInParallel = 1;
				LastSwiftUpdateCheck = 1310;
				LastUpgradeCheck = 1310;
				TargetAttributes = {
					8B2BB1B42729D78200FC7A17 = {
						CreatedOnToolsVersion = 13.1;
					};
				};
			};
			buildConfigurationList = 8B2BB1B02729D78100FC7A17 /* Build configuration list for PBXProject "TestTask65AppsEducation" */;
			compatibilityVersion = "Xcode 13.0";
			developmentRegion = en;
			hasScannedForEncodings = 0;
			knownRegions = (
				en,
				Base,
			);
			mainGroup = 8B2BB1AC2729D78100FC7A17;
			productRefGroup = 8B2BB1B62729D78200FC7A17 /* Products */;
			projectDirPath = "";
			projectRoot = "";
			targets = (
				8B2BB1B42729D78200FC7A17 /* TestTask65AppsEducation */,
			);
		};
/* End PBXProject section */

/* Begin PBXResourcesBuildPhase section */
		8B2BB1B32729D78200FC7A17 /* Resources */ = {
			isa = PBXResourcesBuildPhase;
			buildActionMask = 2147483647;
			files = (
				8B2BB1C52729D78200FC7A17 /* LaunchScreen.storyboard in Resources */,
				8BA1D83F2729F5E100609FEE /* SF-Pro-Display-Regular.otf in Resources */,
				8BA1D8412729F63100609FEE /* SF-Pro-Display-Light.otf in Resources */,
				8B2BB1C22729D78200FC7A17 /* Assets.xcassets in Resources */,
			);
			runOnlyForDeploymentPostprocessing = 0;
		};
/* End PBXResourcesBuildPhase section */

/* Begin PBXShellScriptBuildPhase section */
		8B3AE062272AC32100F9AF5D /* ShellScript */ = {
			isa = PBXShellScriptBuildPhase;
			buildActionMask = 2147483647;
			files = (
			);
			inputFileListPaths = (
			);
			inputPaths = (
			);
			outputFileListPaths = (
			);
			outputPaths = (
			);
			runOnlyForDeploymentPostprocessing = 0;
			shellPath = /bin/sh;
			shellScript = "export PATH=\"$PATH:/opt/homebrew/bin\"\nif which swiftlint >/dev/null; then\n  swiftlint --fix\nelse\n  echo \"error: SwiftLint does not exist, download it from https://github.com/realm/SwiftLint\"\n  exit 1\nfi\n";
		};
/* End PBXShellScriptBuildPhase section */

/* Begin PBXSourcesBuildPhase section */
		8B2BB1B12729D78200FC7A17 /* Sources */ = {
			isa = PBXSourcesBuildPhase;
			buildActionMask = 2147483647;
			files = (
				8B2BB1B92729D78200FC7A17 /* AppDelegate.swift in Sources */,
				8B1D6A95272DD38500DD1D0C /* UILabel+Ext.swift in Sources */,
				8B9CE7ED272B4069006FAF1F /* UITextField+Ext.swift in Sources */,
				8B2BB1CD2729D83C00FC7A17 /* WelcomeViewController.swift in Sources */,
				8B767DCC272ACB6C00A9CB24 /* UIViewController+Ext.swift in Sources */,
				8B2BB1D72729DC9800FC7A17 /* UIColor+Ext.swift in Sources */,
				8B2BB1D22729D9C500FC7A17 /* UIView+Ext.swift in Sources */,
				8B1D6A97272DF3EA00DD1D0C /* CreatePasswordViewController.swift in Sources */,
				8B767DCF272AD8D800A9CB24 /* TTTextField.swift in Sources */,
				8B767DCA272AC96F00A9CB24 /* WhatIsYourNameViewController.swift in Sources */,
				8B1D6A8F272DD0D300DD1D0C /* WhatIsYourEmailViewController.swift in Sources */,
				8B2BB1D52729DB1100FC7A17 /* Constants.swift in Sources */,
			);
			runOnlyForDeploymentPostprocessing = 0;
		};
/* End PBXSourcesBuildPhase section */

/* Begin PBXVariantGroup section */
		8B2BB1C32729D78200FC7A17 /* LaunchScreen.storyboard */ = {
			isa = PBXVariantGroup;
			children = (
				8B2BB1C42729D78200FC7A17 /* Base */,
			);
			name = LaunchScreen.storyboard;
			sourceTree = "<group>";
		};
/* End PBXVariantGroup section */

/* Begin XCBuildConfiguration section */
		8B2BB1C72729D78200FC7A17 /* Debug */ = {
			isa = XCBuildConfiguration;
			buildSettings = {
				ALWAYS_SEARCH_USER_PATHS = NO;
				CLANG_ANALYZER_NONNULL = YES;
				CLANG_ANALYZER_NUMBER_OBJECT_CONVERSION = YES_AGGRESSIVE;
				CLANG_CXX_LANGUAGE_STANDARD = "gnu++17";
				CLANG_CXX_LIBRARY = "libc++";
				CLANG_ENABLE_MODULES = YES;
				CLANG_ENABLE_OBJC_ARC = YES;
				CLANG_ENABLE_OBJC_WEAK = YES;
				CLANG_WARN_BLOCK_CAPTURE_AUTORELEASING = YES;
				CLANG_WARN_BOOL_CONVERSION = YES;
				CLANG_WARN_COMMA = YES;
				CLANG_WARN_CONSTANT_CONVERSION = YES;
				CLANG_WARN_DEPRECATED_OBJC_IMPLEMENTATIONS = YES;
				CLANG_WARN_DIRECT_OBJC_ISA_USAGE = YES_ERROR;
				CLANG_WARN_DOCUMENTATION_COMMENTS = YES;
				CLANG_WARN_EMPTY_BODY = YES;
				CLANG_WARN_ENUM_CONVERSION = YES;
				CLANG_WARN_INFINITE_RECURSION = YES;
				CLANG_WARN_INT_CONVERSION = YES;
				CLANG_WARN_NON_LITERAL_NULL_CONVERSION = YES;
				CLANG_WARN_OBJC_IMPLICIT_RETAIN_SELF = YES;
				CLANG_WARN_OBJC_LITERAL_CONVERSION = YES;
				CLANG_WARN_OBJC_ROOT_CLASS = YES_ERROR;
				CLANG_WARN_QUOTED_INCLUDE_IN_FRAMEWORK_HEADER = YES;
				CLANG_WARN_RANGE_LOOP_ANALYSIS = YES;
				CLANG_WARN_STRICT_PROTOTYPES = YES;
				CLANG_WARN_SUSPICIOUS_MOVE = YES;
				CLANG_WARN_UNGUARDED_AVAILABILITY = YES_AGGRESSIVE;
				CLANG_WARN_UNREACHABLE_CODE = YES;
				CLANG_WARN__DUPLICATE_METHOD_MATCH = YES;
				COPY_PHASE_STRIP = NO;
				DEBUG_INFORMATION_FORMAT = dwarf;
				ENABLE_STRICT_OBJC_MSGSEND = YES;
				ENABLE_TESTABILITY = YES;
				GCC_C_LANGUAGE_STANDARD = gnu11;
				GCC_DYNAMIC_NO_PIC = NO;
				GCC_NO_COMMON_BLOCKS = YES;
				GCC_OPTIMIZATION_LEVEL = 0;
				GCC_PREPROCESSOR_DEFINITIONS = (
					"DEBUG=1",
					"$(inherited)",
				);
				GCC_WARN_64_TO_32_BIT_CONVERSION = YES;
				GCC_WARN_ABOUT_RETURN_TYPE = YES_ERROR;
				GCC_WARN_UNDECLARED_SELECTOR = YES;
				GCC_WARN_UNINITIALIZED_AUTOS = YES_AGGRESSIVE;
				GCC_WARN_UNUSED_FUNCTION = YES;
				GCC_WARN_UNUSED_VARIABLE = YES;
				IPHONEOS_DEPLOYMENT_TARGET = 15.0;
				MTL_ENABLE_DEBUG_INFO = INCLUDE_SOURCE;
				MTL_FAST_MATH = YES;
				ONLY_ACTIVE_ARCH = YES;
				SDKROOT = iphoneos;
				SWIFT_ACTIVE_COMPILATION_CONDITIONS = DEBUG;
				SWIFT_OPTIMIZATION_LEVEL = "-Onone";
			};
			name = Debug;
		};
		8B2BB1C82729D78200FC7A17 /* Release */ = {
			isa = XCBuildConfiguration;
			buildSettings = {
				ALWAYS_SEARCH_USER_PATHS = NO;
				CLANG_ANALYZER_NONNULL = YES;
				CLANG_ANALYZER_NUMBER_OBJECT_CONVERSION = YES_AGGRESSIVE;
				CLANG_CXX_LANGUAGE_STANDARD = "gnu++17";
				CLANG_CXX_LIBRARY = "libc++";
				CLANG_ENABLE_MODULES = YES;
				CLANG_ENABLE_OBJC_ARC = YES;
				CLANG_ENABLE_OBJC_WEAK = YES;
				CLANG_WARN_BLOCK_CAPTURE_AUTORELEASING = YES;
				CLANG_WARN_BOOL_CONVERSION = YES;
				CLANG_WARN_COMMA = YES;
				CLANG_WARN_CONSTANT_CONVERSION = YES;
				CLANG_WARN_DEPRECATED_OBJC_IMPLEMENTATIONS = YES;
				CLANG_WARN_DIRECT_OBJC_ISA_USAGE = YES_ERROR;
				CLANG_WARN_DOCUMENTATION_COMMENTS = YES;
				CLANG_WARN_EMPTY_BODY = YES;
				CLANG_WARN_ENUM_CONVERSION = YES;
				CLANG_WARN_INFINITE_RECURSION = YES;
				CLANG_WARN_INT_CONVERSION = YES;
				CLANG_WARN_NON_LITERAL_NULL_CONVERSION = YES;
				CLANG_WARN_OBJC_IMPLICIT_RETAIN_SELF = YES;
				CLANG_WARN_OBJC_LITERAL_CONVERSION = YES;
				CLANG_WARN_OBJC_ROOT_CLASS = YES_ERROR;
				CLANG_WARN_QUOTED_INCLUDE_IN_FRAMEWORK_HEADER = YES;
				CLANG_WARN_RANGE_LOOP_ANALYSIS = YES;
				CLANG_WARN_STRICT_PROTOTYPES = YES;
				CLANG_WARN_SUSPICIOUS_MOVE = YES;
				CLANG_WARN_UNGUARDED_AVAILABILITY = YES_AGGRESSIVE;
				CLANG_WARN_UNREACHABLE_CODE = YES;
				CLANG_WARN__DUPLICATE_METHOD_MATCH = YES;
				COPY_PHASE_STRIP = NO;
				DEBUG_INFORMATION_FORMAT = "dwarf-with-dsym";
				ENABLE_NS_ASSERTIONS = NO;
				ENABLE_STRICT_OBJC_MSGSEND = YES;
				GCC_C_LANGUAGE_STANDARD = gnu11;
				GCC_NO_COMMON_BLOCKS = YES;
				GCC_WARN_64_TO_32_BIT_CONVERSION = YES;
				GCC_WARN_ABOUT_RETURN_TYPE = YES_ERROR;
				GCC_WARN_UNDECLARED_SELECTOR = YES;
				GCC_WARN_UNINITIALIZED_AUTOS = YES_AGGRESSIVE;
				GCC_WARN_UNUSED_FUNCTION = YES;
				GCC_WARN_UNUSED_VARIABLE = YES;
				IPHONEOS_DEPLOYMENT_TARGET = 15.0;
				MTL_ENABLE_DEBUG_INFO = NO;
				MTL_FAST_MATH = YES;
				SDKROOT = iphoneos;
				SWIFT_COMPILATION_MODE = wholemodule;
				SWIFT_OPTIMIZATION_LEVEL = "-O";
				VALIDATE_PRODUCT = YES;
			};
			name = Release;
		};
		8B2BB1CA2729D78200FC7A17 /* Debug */ = {
			isa = XCBuildConfiguration;
			buildSettings = {
				ASSETCATALOG_COMPILER_APPICON_NAME = AppIcon;
				ASSETCATALOG_COMPILER_GLOBAL_ACCENT_COLOR_NAME = AccentColor;
				CODE_SIGN_STYLE = Automatic;
				CURRENT_PROJECT_VERSION = 1;
				DEVELOPMENT_TEAM = X954LPBPCP;
				GENERATE_INFOPLIST_FILE = YES;
				INFOPLIST_FILE = "TestTask65AppsEducation/Supporting Files/Info.plist";
				INFOPLIST_KEY_UIApplicationSupportsIndirectInputEvents = YES;
				INFOPLIST_KEY_UILaunchStoryboardName = LaunchScreen;
				INFOPLIST_KEY_UISupportedInterfaceOrientations = UIInterfaceOrientationPortrait;
				INFOPLIST_KEY_UISupportedInterfaceOrientations_iPad = "UIInterfaceOrientationPortrait UIInterfaceOrientationPortraitUpsideDown UIInterfaceOrientationLandscapeLeft UIInterfaceOrientationLandscapeRight";
				INFOPLIST_KEY_UISupportedInterfaceOrientations_iPhone = "UIInterfaceOrientationPortrait UIInterfaceOrientationLandscapeLeft UIInterfaceOrientationLandscapeRight";
				LD_RUNPATH_SEARCH_PATHS = (
					"$(inherited)",
					"@executable_path/Frameworks",
				);
				MARKETING_VERSION = 1.0;
				PRODUCT_BUNDLE_IDENTIFIER = Home.TestTask65AppsEducation;
				PRODUCT_NAME = "$(TARGET_NAME)";
				SWIFT_EMIT_LOC_STRINGS = YES;
				SWIFT_VERSION = 5.0;
				TARGETED_DEVICE_FAMILY = 1;
			};
			name = Debug;
		};
		8B2BB1CB2729D78200FC7A17 /* Release */ = {
			isa = XCBuildConfiguration;
			buildSettings = {
				ASSETCATALOG_COMPILER_APPICON_NAME = AppIcon;
				ASSETCATALOG_COMPILER_GLOBAL_ACCENT_COLOR_NAME = AccentColor;
				CODE_SIGN_STYLE = Automatic;
				CURRENT_PROJECT_VERSION = 1;
				DEVELOPMENT_TEAM = X954LPBPCP;
				GENERATE_INFOPLIST_FILE = YES;
				INFOPLIST_FILE = "TestTask65AppsEducation/Supporting Files/Info.plist";
				INFOPLIST_KEY_UIApplicationSupportsIndirectInputEvents = YES;
				INFOPLIST_KEY_UILaunchStoryboardName = LaunchScreen;
				INFOPLIST_KEY_UISupportedInterfaceOrientations = UIInterfaceOrientationPortrait;
				INFOPLIST_KEY_UISupportedInterfaceOrientations_iPad = "UIInterfaceOrientationPortrait UIInterfaceOrientationPortraitUpsideDown UIInterfaceOrientationLandscapeLeft UIInterfaceOrientationLandscapeRight";
				INFOPLIST_KEY_UISupportedInterfaceOrientations_iPhone = "UIInterfaceOrientationPortrait UIInterfaceOrientationLandscapeLeft UIInterfaceOrientationLandscapeRight";
				LD_RUNPATH_SEARCH_PATHS = (
					"$(inherited)",
					"@executable_path/Frameworks",
				);
				MARKETING_VERSION = 1.0;
				PRODUCT_BUNDLE_IDENTIFIER = Home.TestTask65AppsEducation;
				PRODUCT_NAME = "$(TARGET_NAME)";
				SWIFT_EMIT_LOC_STRINGS = YES;
				SWIFT_VERSION = 5.0;
				TARGETED_DEVICE_FAMILY = 1;
			};
			name = Release;
		};
/* End XCBuildConfiguration section */

/* Begin XCConfigurationList section */
		8B2BB1B02729D78100FC7A17 /* Build configuration list for PBXProject "TestTask65AppsEducation" */ = {
			isa = XCConfigurationList;
			buildConfigurations = (
				8B2BB1C72729D78200FC7A17 /* Debug */,
				8B2BB1C82729D78200FC7A17 /* Release */,
			);
			defaultConfigurationIsVisible = 0;
			defaultConfigurationName = Release;
		};
		8B2BB1C92729D78200FC7A17 /* Build configuration list for PBXNativeTarget "TestTask65AppsEducation" */ = {
			isa = XCConfigurationList;
			buildConfigurations = (
				8B2BB1CA2729D78200FC7A17 /* Debug */,
				8B2BB1CB2729D78200FC7A17 /* Release */,
			);
			defaultConfigurationIsVisible = 0;
			defaultConfigurationName = Release;
		};
/* End XCConfigurationList section */
	};
	rootObject = 8B2BB1AD2729D78100FC7A17 /* Project object */;
}
